
Microsoft Visual Studio Solution File, Format Version 12.00
# Visual Studio Version 17
VisualStudioVersion = 17.8.34525.116
MinimumVisualStudioVersion = 10.0.40219.1
Project("{9A19103F-16F7-4668-BE54-9A1E7A4F7556}") = "CalculatorService", "CalculatorService\CalculatorService.csproj", "{A0BD5570-0DA6-44CA-887A-933AC17FA3A5}"
EndProject
Project("{9A19103F-16F7-4668-BE54-9A1E7A4F7556}") = "AdditionService", "AdditionService\AdditionService.csproj", "{3CE281B2-5BC6-436F-8840-D2F1E935F8FB}"
EndProject
Project("{9A19103F-16F7-4668-BE54-9A1E7A4F7556}") = "SubtractService", "SubtractService\SubtractService.csproj", "{6FC7FC7A-1D00-4CCC-A413-1EC049425F88}"
EndProject
Project("{FAE04EC0-301F-11D3-BF4B-00C04F79EFBC}") = "BlazorClient", "BlazorClient\BlazorClient.csproj", "{929205F4-0226-4E55-930E-155C1D22344C}"
EndProject
Project("{FAE04EC0-301F-11D3-BF4B-00C04F79EFBC}") = "SharedModels", "SharedModels\SharedModels.csproj", "{B36052AD-C4F5-47CB-A947-BE9E6C692955}"
EndProject
Global
	GlobalSection(SolutionConfigurationPlatforms) = preSolution
		Debug|Any CPU = Debug|Any CPU
		Release|Any CPU = Release|Any CPU
	EndGlobalSection
	GlobalSection(ProjectConfigurationPlatforms) = postSolution
		{A0BD5570-0DA6-44CA-887A-933AC17FA3A5}.Debug|Any CPU.ActiveCfg = Debug|Any CPU
		{A0BD5570-0DA6-44CA-887A-933AC17FA3A5}.Debug|Any CPU.Build.0 = Debug|Any CPU
		{A0BD5570-0DA6-44CA-887A-933AC17FA3A5}.Release|Any CPU.ActiveCfg = Release|Any CPU
		{A0BD5570-0DA6-44CA-887A-933AC17FA3A5}.Release|Any CPU.Build.0 = Release|Any CPU
		{3CE281B2-5BC6-436F-8840-D2F1E935F8FB}.Debug|Any CPU.ActiveCfg = Debug|Any CPU
		{3CE281B2-5BC6-436F-8840-D2F1E935F8FB}.Debug|Any CPU.Build.0 = Debug|Any CPU
		{3CE281B2-5BC6-436F-8840-D2F1E935F8FB}.Release|Any CPU.ActiveCfg = Release|Any CPU
		{3CE281B2-5BC6-436F-8840-D2F1E935F8FB}.Release|Any CPU.Build.0 = Release|Any CPU
		{6FC7FC7A-1D00-4CCC-A413-1EC049425F88}.Debug|Any CPU.ActiveCfg = Debug|Any CPU
		{6FC7FC7A-1D00-4CCC-A413-1EC049425F88}.Debug|Any CPU.Build.0 = Debug|Any CPU
		{6FC7FC7A-1D00-4CCC-A413-1EC049425F88}.Release|Any CPU.ActiveCfg = Release|Any CPU
		{6FC7FC7A-1D00-4CCC-A413-1EC049425F88}.Release|Any CPU.Build.0 = Release|Any CPU
		{929205F4-0226-4E55-930E-155C1D22344C}.Debug|Any CPU.ActiveCfg = Debug|Any CPU
		{929205F4-0226-4E55-930E-155C1D22344C}.Debug|Any CPU.Build.0 = Debug|Any CPU
		{929205F4-0226-4E55-930E-155C1D22344C}.Release|Any CPU.ActiveCfg = Release|Any CPU
		{929205F4-0226-4E55-930E-155C1D22344C}.Release|Any CPU.Build.0 = Release|Any CPU
		{B36052AD-C4F5-47CB-A947-BE9E6C692955}.Debug|Any CPU.ActiveCfg = Debug|Any CPU
		{B36052AD-C4F5-47CB-A947-BE9E6C692955}.Debug|Any CPU.Build.0 = Debug|Any CPU
		{B36052AD-C4F5-47CB-A947-BE9E6C692955}.Release|Any CPU.ActiveCfg = Release|Any CPU
		{B36052AD-C4F5-47CB-A947-BE9E6C692955}.Release|Any CPU.Build.0 = Release|Any CPU
	EndGlobalSection
	GlobalSection(SolutionProperties) = preSolution
		HideSolutionNode = FALSE
	EndGlobalSection
	GlobalSection(ExtensibilityGlobals) = postSolution
		SolutionGuid = {178695F9-C721-40E5-82B6-76805AFA00D9}
	EndGlobalSection
EndGlobal
